
Microsoft Visual Studio Solution File, Format Version 12.00
# Visual Studio Version 16
VisualStudioVersion = 16.0.30621.155
MinimumVisualStudioVersion = 10.0.40219.1
Project("{FAE04EC0-301F-11D3-BF4B-00C04F79EFBC}") = "WinFormThreading1", "WinFormThreading1\WinFormThreading1.csproj", "{21A133DF-C2D0-4CE2-9D75-8DC1AE4119FA}"
EndProject
Project("{FAE04EC0-301F-11D3-BF4B-00C04F79EFBC}") = "WpfBinding1", "WpfBinding1\WpfBinding1.csproj", "{E80CDEC2-32EC-4C02-8D42-FF64227D414E}"
EndProject
Project("{FAE04EC0-301F-11D3-BF4B-00C04F79EFBC}") = "CommandsDemo", "CommandsDemo\CommandsDemo.csproj", "{5B111179-5900-48B4-83CF-282A3B3C01EC}"
EndProject
Project("{FAE04EC0-301F-11D3-BF4B-00C04F79EFBC}") = "SharedResources", "SharedResources\SharedResources.csproj", "{5BB239BB-65B1-4BFF-8C68-9946CDCD810E}"
EndProject
Project("{FAE04EC0-301F-11D3-BF4B-00C04F79EFBC}") = "SimpleImageViewer", "SimpleImageViewer\SimpleImageViewer.csproj", "{04B144FF-6E52-4C06-8457-9DD62FD886FB}"
EndProject
Project("{FAE04EC0-301F-11D3-BF4B-00C04F79EFBC}") = "IconList", "IconList\IconList.csproj", "{75A2A4D1-1B41-43E5-8A7A-6F4880B0C5D9}"
EndProject
Global
	GlobalSection(SolutionConfigurationPlatforms) = preSolution
		Debug|Any CPU = Debug|Any CPU
		Release|Any CPU = Release|Any CPU
	EndGlobalSection
	GlobalSection(ProjectConfigurationPlatforms) = postSolution
		{21A133DF-C2D0-4CE2-9D75-8DC1AE4119FA}.Debug|Any CPU.ActiveCfg = Debug|Any CPU
		{21A133DF-C2D0-4CE2-9D75-8DC1AE4119FA}.Debug|Any CPU.Build.0 = Debug|Any CPU
		{21A133DF-C2D0-4CE2-9D75-8DC1AE4119FA}.Release|Any CPU.ActiveCfg = Release|Any CPU
		{21A133DF-C2D0-4CE2-9D75-8DC1AE4119FA}.Release|Any CPU.Build.0 = Release|Any CPU
		{E80CDEC2-32EC-4C02-8D42-FF64227D414E}.Debug|Any CPU.ActiveCfg = Debug|Any CPU
		{E80CDEC2-32EC-4C02-8D42-FF64227D414E}.Debug|Any CPU.Build.0 = Debug|Any CPU
		{E80CDEC2-32EC-4C02-8D42-FF64227D414E}.Release|Any CPU.ActiveCfg = Release|Any CPU
		{E80CDEC2-32EC-4C02-8D42-FF64227D414E}.Release|Any CPU.Build.0 = Release|Any CPU
		{5B111179-5900-48B4-83CF-282A3B3C01EC}.Debug|Any CPU.ActiveCfg = Debug|Any CPU
		{5B111179-5900-48B4-83CF-282A3B3C01EC}.Debug|Any CPU.Build.0 = Debug|Any CPU
		{5B111179-5900-48B4-83CF-282A3B3C01EC}.Release|Any CPU.ActiveCfg = Release|Any CPU
		{5B111179-5900-48B4-83CF-282A3B3C01EC}.Release|Any CPU.Build.0 = Release|Any CPU
		{5BB239BB-65B1-4BFF-8C68-9946CDCD810E}.Debug|Any CPU.ActiveCfg = Debug|Any CPU
		{5BB239BB-65B1-4BFF-8C68-9946CDCD810E}.Debug|Any CPU.Build.0 = Debug|Any CPU
		{5BB239BB-65B1-4BFF-8C68-9946CDCD810E}.Release|Any CPU.ActiveCfg = Release|Any CPU
		{5BB239BB-65B1-4BFF-8C68-9946CDCD810E}.Release|Any CPU.Build.0 = Release|Any CPU
		{04B144FF-6E52-4C06-8457-9DD62FD886FB}.Debug|Any CPU.ActiveCfg = Debug|Any CPU
		{04B144FF-6E52-4C06-8457-9DD62FD886FB}.Debug|Any CPU.Build.0 = Debug|Any CPU
		{04B144FF-6E52-4C06-8457-9DD62FD886FB}.Release|Any CPU.ActiveCfg = Release|Any CPU
		{04B144FF-6E52-4C06-8457-9DD62FD886FB}.Release|Any CPU.Build.0 = Release|Any CPU
		{75A2A4D1-1B41-43E5-8A7A-6F4880B0C5D9}.Debug|Any CPU.ActiveCfg = Debug|Any CPU
		{75A2A4D1-1B41-43E5-8A7A-6F4880B0C5D9}.Debug|Any CPU.Build.0 = Debug|Any CPU
		{75A2A4D1-1B41-43E5-8A7A-6F4880B0C5D9}.Release|Any CPU.ActiveCfg = Release|Any CPU
		{75A2A4D1-1B41-43E5-8A7A-6F4880B0C5D9}.Release|Any CPU.Build.0 = Release|Any CPU
	EndGlobalSection
	GlobalSection(SolutionProperties) = preSolution
		HideSolutionNode = FALSE
	EndGlobalSection
	GlobalSection(ExtensibilityGlobals) = postSolution
		SolutionGuid = {FD4A3B94-E4AF-402E-B779-329C424362E9}
	EndGlobalSection
EndGlobal
